<?xml version="1.0" encoding="utf-8"?>
<Project ToolsVersion="4.0" xmlns="http://schemas.microsoft.com/developer/msbuild/2003">
  <ItemGroup>
    <Filter Include="Source Files">
      <UniqueIdentifier>{4FC737F1-C7A5-4376-A066-2A32D752A2FF}</UniqueIdentifier>
      <Extensions>cpp;c;cc;cxx;def;odl;idl;hpj;bat;asm;asmx</Extensions>
    </Filter>
    <Filter Include="Header Files">
      <UniqueIdentifier>{93995380-89BD-4b04-88EB-625FBE52EBFB}</UniqueIdentifier>
      <Extensions>h;hh;hpp;hxx;hm;inl;inc;ipp;xsd</Extensions>
    </Filter>
    <Filter Include="Resource Files">
      <UniqueIdentifier>{67DA6AB6-F800-4c08-8B7A-83BB121AAD01}</UniqueIdentifier>
      <Extensions>rc;ico;cur;bmp;dlg;rc2;rct;bin;rgs;gif;jpg;jpeg;jpe;resx;tiff;tif;png;wav;mfcribbon-ms</Extensions>
    </Filter>
  </ItemGroup>
  <ItemGroup>
    <ClCompile Include="..\adler32.cc">
      <Filter>Source Files</Filter>
    </ClCompile>
    <ClCompile Include="..\compress.cc">
      <Filter>Source Files</Filter>
    </ClCompile>
    <ClCompile Include="..\crc32.cc">
      <Filter>Source Files</Filter>
    </ClCompile>
    <ClCompile Include="..\deflate.cc">
      <Filter>Source Files</Filter>
    </ClCompile>
    <ClCompile Include="..\gzclose.cc">
      <Filter>Source Files</Filter>
    </ClCompile>
    <ClCompile Include="..\gzlib.cc">
      <Filter>Source Files</Filter>
    </ClCompile>
    <ClCompile Include="..\gzread.cc">
      <Filter>Source Files</Filter>
    </ClCompile>
    <ClCompile Include="..\gzwrite.cc">
      <Filter>Source Files</Filter>
    </ClCompile>
    <ClCompile Include="..\infback.cc">
      <Filter>Source Files</Filter>
    </ClCompile>
    <ClCompile Include="..\inffast.cc">
      <Filter>Source Files</Filter>
    </ClCompile>
    <ClCompile Include="..\inflate.cc">
      <Filter>Source Files</Filter>
    </ClCompile>
    <ClCompile Include="..\inftrees.cc">
      <Filter>Source Files</Filter>
    </ClCompile>
    <ClCompile Include="..\trees.cc">
      <Filter>Source Files</Filter>
    </ClCompile>
    <ClCompile Include="..\uncompr.cc">
      <Filter>Source Files</Filter>
    </ClCompile>
    <ClCompile Include="..\zutil.cc">
      <Filter>Source Files</Filter>
    </ClCompile>
  </ItemGroup>
  <ItemGroup>
    <ClInclude Include="..\crc32.h">
      <Filter>Header Files</Filter>
    </ClInclude>
    <ClInclude Include="..\deflate.h">
      <Filter>Header Files</Filter>
    </ClInclude>
    <ClInclude Include="..\gzguts.h">
      <Filter>Header Files</Filter>
    </ClInclude>
    <ClInclude Include="..\inffast.h">
      <Filter>Header Files</Filter>
    </ClInclude>
    <ClInclude Include="..\inffixed.h">
      <Filter>Header Files</Filter>
    </ClInclude>
    <ClInclude Include="..\inflate.h">
      <Filter>Header Files</Filter>
    </ClInclude>
    <ClInclude Include="..\inftrees.h">
      <Filter>Header Files</Filter>
    </ClInclude>
    <ClInclude Include="..\trees.h">
      <Filter>Header Files</Filter>
    </ClInclude>
    <ClInclude Include="..\zconf.h">
      <Filter>Header Files</Filter>
    </ClInclude>
    <ClInclude Include="..\zlib.h">
      <Filter>Header Files</Filter>
    </ClInclude>
    <ClInclude Include="..\zutil.h">
      <Filter>Header Files</Filter>
    </ClInclude>
  </ItemGroup>
</Project>